
Microsoft Visual Studio Solution File, Format Version 12.00
# Visual Studio Version 16
VisualStudioVersion = 16.0.29728.190
MinimumVisualStudioVersion = 10.0.40219.1
Project("{FAE04EC0-301F-11D3-BF4B-00C04F79EFBC}") = "HVAC-Checker", "HVAC-Checker\HVAC-Checker.csproj", "{326A5BD0-1AC4-44C4-B01F-25A99751F82B}"
EndProject
Project("{FAE04EC0-301F-11D3-BF4B-00C04F79EFBC}") = "HVAC-CheckerTests", "HVAC-CheckerTests\HVAC-CheckerTests.csproj", "{F328D778-7C55-4C8A-A201-3EFB0398FE86}"
EndProject
Global
	GlobalSection(SolutionConfigurationPlatforms) = preSolution
		Debug|Any CPU = Debug|Any CPU
		Debug|x64 = Debug|x64
		Release|Any CPU = Release|Any CPU
		Release|x64 = Release|x64
	EndGlobalSection
	GlobalSection(ProjectConfigurationPlatforms) = postSolution
		{326A5BD0-1AC4-44C4-B01F-25A99751F82B}.Debug|Any CPU.ActiveCfg = Debug|Any CPU
		{326A5BD0-1AC4-44C4-B01F-25A99751F82B}.Debug|Any CPU.Build.0 = Debug|Any CPU
		{326A5BD0-1AC4-44C4-B01F-25A99751F82B}.Debug|x64.ActiveCfg = Debug|x64
		{326A5BD0-1AC4-44C4-B01F-25A99751F82B}.Debug|x64.Build.0 = Debug|x64
		{326A5BD0-1AC4-44C4-B01F-25A99751F82B}.Release|Any CPU.ActiveCfg = Release|Any CPU
		{326A5BD0-1AC4-44C4-B01F-25A99751F82B}.Release|Any CPU.Build.0 = Release|Any CPU
		{326A5BD0-1AC4-44C4-B01F-25A99751F82B}.Release|x64.ActiveCfg = Release|x64
		{326A5BD0-1AC4-44C4-B01F-25A99751F82B}.Release|x64.Build.0 = Release|x64
		{F328D778-7C55-4C8A-A201-3EFB0398FE86}.Debug|Any CPU.ActiveCfg = Debug|Any CPU
		{F328D778-7C55-4C8A-A201-3EFB0398FE86}.Debug|Any CPU.Build.0 = Debug|Any CPU
		{F328D778-7C55-4C8A-A201-3EFB0398FE86}.Debug|x64.ActiveCfg = Debug|Any CPU
		{F328D778-7C55-4C8A-A201-3EFB0398FE86}.Debug|x64.Build.0 = Debug|Any CPU
		{F328D778-7C55-4C8A-A201-3EFB0398FE86}.Release|Any CPU.ActiveCfg = Release|Any CPU
		{F328D778-7C55-4C8A-A201-3EFB0398FE86}.Release|Any CPU.Build.0 = Release|Any CPU
		{F328D778-7C55-4C8A-A201-3EFB0398FE86}.Release|x64.ActiveCfg = Release|Any CPU
		{F328D778-7C55-4C8A-A201-3EFB0398FE86}.Release|x64.Build.0 = Release|Any CPU
	EndGlobalSection
	GlobalSection(SolutionProperties) = preSolution
		HideSolutionNode = FALSE
	EndGlobalSection
	GlobalSection(ExtensibilityGlobals) = postSolution
		SolutionGuid = {B19AFF98-92B1-4B27-B842-36B27A83FE4D}
	EndGlobalSection
EndGlobal
